
Microsoft Visual Studio Solution File, Format Version 12.00
# Visual Studio 14
VisualStudioVersion = 14.0.25420.1
MinimumVisualStudioVersion = 10.0.40219.1
Project("{FAE04EC0-301F-11D3-BF4B-00C04F79EFBC}") = "DelegateEvents", "DelegateEvents\DelegateEvents.csproj", "{C149BBB5-EC56-4AA7-94AA-18AAB6A3A9F6}"
EndProject
Project("{FAE04EC0-301F-11D3-BF4B-00C04F79EFBC}") = "Entities", "Entities\Entities.csproj", "{D3503E9E-6D85-47DE-861E-31DAF8B4F2E2}"
EndProject
Project("{FAE04EC0-301F-11D3-BF4B-00C04F79EFBC}") = "DAL", "DAL\DAL.csproj", "{C6D55648-54E3-4DB0-B228-141234806E3A}"
EndProject
Project("{FAE04EC0-301F-11D3-BF4B-00C04F79EFBC}") = "BLL", "BLL\BLL.csproj", "{E2C0B68E-342A-41D7-971E-FE49A16ADB83}"
EndProject
Global
	GlobalSection(SolutionConfigurationPlatforms) = preSolution
		Debug|Any CPU = Debug|Any CPU
		Release|Any CPU = Release|Any CPU
	EndGlobalSection
	GlobalSection(ProjectConfigurationPlatforms) = postSolution
		{C149BBB5-EC56-4AA7-94AA-18AAB6A3A9F6}.Debug|Any CPU.ActiveCfg = Debug|Any CPU
		{C149BBB5-EC56-4AA7-94AA-18AAB6A3A9F6}.Debug|Any CPU.Build.0 = Debug|Any CPU
		{C149BBB5-EC56-4AA7-94AA-18AAB6A3A9F6}.Release|Any CPU.ActiveCfg = Release|Any CPU
		{C149BBB5-EC56-4AA7-94AA-18AAB6A3A9F6}.Release|Any CPU.Build.0 = Release|Any CPU
		{D3503E9E-6D85-47DE-861E-31DAF8B4F2E2}.Debug|Any CPU.ActiveCfg = Debug|Any CPU
		{D3503E9E-6D85-47DE-861E-31DAF8B4F2E2}.Debug|Any CPU.Build.0 = Debug|Any CPU
		{D3503E9E-6D85-47DE-861E-31DAF8B4F2E2}.Release|Any CPU.ActiveCfg = Release|Any CPU
		{D3503E9E-6D85-47DE-861E-31DAF8B4F2E2}.Release|Any CPU.Build.0 = Release|Any CPU
		{C6D55648-54E3-4DB0-B228-141234806E3A}.Debug|Any CPU.ActiveCfg = Debug|Any CPU
		{C6D55648-54E3-4DB0-B228-141234806E3A}.Debug|Any CPU.Build.0 = Debug|Any CPU
		{C6D55648-54E3-4DB0-B228-141234806E3A}.Release|Any CPU.ActiveCfg = Release|Any CPU
		{C6D55648-54E3-4DB0-B228-141234806E3A}.Release|Any CPU.Build.0 = Release|Any CPU
		{E2C0B68E-342A-41D7-971E-FE49A16ADB83}.Debug|Any CPU.ActiveCfg = Debug|Any CPU
		{E2C0B68E-342A-41D7-971E-FE49A16ADB83}.Debug|Any CPU.Build.0 = Debug|Any CPU
		{E2C0B68E-342A-41D7-971E-FE49A16ADB83}.Release|Any CPU.ActiveCfg = Release|Any CPU
		{E2C0B68E-342A-41D7-971E-FE49A16ADB83}.Release|Any CPU.Build.0 = Release|Any CPU
	EndGlobalSection
	GlobalSection(SolutionProperties) = preSolution
		HideSolutionNode = FALSE
	EndGlobalSection
EndGlobal
